
Microsoft Visual Studio Solution File, Format Version 12.00
# Visual Studio Version 17
VisualStudioVersion = 17.6.33829.357
MinimumVisualStudioVersion = 10.0.40219.1
Project("{9A19103F-16F7-4668-BE54-9A1E7A4F7556}") = "AgencyService", "AgencyService\AgencyService.csproj", "{190DF288-934B-4E24-9B29-F61C4249A675}"
EndProject
Project("{9A19103F-16F7-4668-BE54-9A1E7A4F7556}") = "AuthService", "AuthService\AuthService.csproj", "{809B5EB8-1253-4428-9D11-A15FFD4B3D86}"
EndProject
Project("{9A19103F-16F7-4668-BE54-9A1E7A4F7556}") = "PaymentServiceProvider", "PaymentServiceProvider\PaymentServiceProvider.csproj", "{A4BED1CE-F59F-477C-8255-97EAA69C96CE}"
EndProject
Project("{9A19103F-16F7-4668-BE54-9A1E7A4F7556}") = "CardPaymentService", "CardPaymentService\CardPaymentService.csproj", "{897313DA-008D-4951-8B34-7485E31BCAF8}"
EndProject
Project("{9A19103F-16F7-4668-BE54-9A1E7A4F7556}") = "BitcoinPaymentService", "BitcoinPaymentService\BitcoinPaymentService.csproj", "{70675F5B-0A98-4B1B-A87E-017D7EE1F144}"
EndProject
Project("{9A19103F-16F7-4668-BE54-9A1E7A4F7556}") = "QRCodePaymentService", "QRCodePaymentService\QRCodePaymentService.csproj", "{0A7D55B3-7555-472A-96BC-8FCC12359A00}"
EndProject
Project("{9A19103F-16F7-4668-BE54-9A1E7A4F7556}") = "PayPalPaymentService", "PayPalPaymentService\PayPalPaymentService.csproj", "{C088FDFD-1EBD-4947-B248-D1D4B15328F6}"
EndProject
Project("{9A19103F-16F7-4668-BE54-9A1E7A4F7556}") = "PSPGatewayAPI", "PSPGatewayAPI\PSPGatewayAPI.csproj", "{48601826-CE55-489A-B863-111B9661E122}"
EndProject
Project("{9A19103F-16F7-4668-BE54-9A1E7A4F7556}") = "BankService", "BankService\BankService.csproj", "{8753F89E-2E54-4863-AB76-24A60E59B42B}"
EndProject
Project("{9A19103F-16F7-4668-BE54-9A1E7A4F7556}") = "PaymentCardCenterService", "PaymentCardCenterService\PaymentCardCenterService.csproj", "{D951F1D0-7418-4B27-8DCC-5E5E69DE885F}"
EndProject
Project("{9A19103F-16F7-4668-BE54-9A1E7A4F7556}") = "Shared", "shared\Shared.csproj", "{7AC8CF4A-7797-4684-9490-2F0AE3B5AFC5}"
EndProject
Project("{FAE04EC0-301F-11D3-BF4B-00C04F79EFBC}") = "Common", "Common\Common.csproj", "{CCF44193-C61A-4CF4-A4FE-27DAB8CFE42D}"
EndProject
Global
	GlobalSection(SolutionConfigurationPlatforms) = preSolution
		Debug|Any CPU = Debug|Any CPU
		Release|Any CPU = Release|Any CPU
	EndGlobalSection
	GlobalSection(ProjectConfigurationPlatforms) = postSolution
		{190DF288-934B-4E24-9B29-F61C4249A675}.Debug|Any CPU.ActiveCfg = Debug|Any CPU
		{190DF288-934B-4E24-9B29-F61C4249A675}.Debug|Any CPU.Build.0 = Debug|Any CPU
		{190DF288-934B-4E24-9B29-F61C4249A675}.Release|Any CPU.ActiveCfg = Release|Any CPU
		{190DF288-934B-4E24-9B29-F61C4249A675}.Release|Any CPU.Build.0 = Release|Any CPU
		{809B5EB8-1253-4428-9D11-A15FFD4B3D86}.Debug|Any CPU.ActiveCfg = Debug|Any CPU
		{809B5EB8-1253-4428-9D11-A15FFD4B3D86}.Debug|Any CPU.Build.0 = Debug|Any CPU
		{809B5EB8-1253-4428-9D11-A15FFD4B3D86}.Release|Any CPU.ActiveCfg = Release|Any CPU
		{809B5EB8-1253-4428-9D11-A15FFD4B3D86}.Release|Any CPU.Build.0 = Release|Any CPU
		{A4BED1CE-F59F-477C-8255-97EAA69C96CE}.Debug|Any CPU.ActiveCfg = Debug|Any CPU
		{A4BED1CE-F59F-477C-8255-97EAA69C96CE}.Debug|Any CPU.Build.0 = Debug|Any CPU
		{A4BED1CE-F59F-477C-8255-97EAA69C96CE}.Release|Any CPU.ActiveCfg = Release|Any CPU
		{A4BED1CE-F59F-477C-8255-97EAA69C96CE}.Release|Any CPU.Build.0 = Release|Any CPU
		{897313DA-008D-4951-8B34-7485E31BCAF8}.Debug|Any CPU.ActiveCfg = Debug|Any CPU
		{897313DA-008D-4951-8B34-7485E31BCAF8}.Debug|Any CPU.Build.0 = Debug|Any CPU
		{897313DA-008D-4951-8B34-7485E31BCAF8}.Release|Any CPU.ActiveCfg = Release|Any CPU
		{897313DA-008D-4951-8B34-7485E31BCAF8}.Release|Any CPU.Build.0 = Release|Any CPU
		{70675F5B-0A98-4B1B-A87E-017D7EE1F144}.Debug|Any CPU.ActiveCfg = Debug|Any CPU
		{70675F5B-0A98-4B1B-A87E-017D7EE1F144}.Debug|Any CPU.Build.0 = Debug|Any CPU
		{70675F5B-0A98-4B1B-A87E-017D7EE1F144}.Release|Any CPU.ActiveCfg = Release|Any CPU
		{70675F5B-0A98-4B1B-A87E-017D7EE1F144}.Release|Any CPU.Build.0 = Release|Any CPU
		{0A7D55B3-7555-472A-96BC-8FCC12359A00}.Debug|Any CPU.ActiveCfg = Debug|Any CPU
		{0A7D55B3-7555-472A-96BC-8FCC12359A00}.Debug|Any CPU.Build.0 = Debug|Any CPU
		{0A7D55B3-7555-472A-96BC-8FCC12359A00}.Release|Any CPU.ActiveCfg = Release|Any CPU
		{0A7D55B3-7555-472A-96BC-8FCC12359A00}.Release|Any CPU.Build.0 = Release|Any CPU
		{C088FDFD-1EBD-4947-B248-D1D4B15328F6}.Debug|Any CPU.ActiveCfg = Debug|Any CPU
		{C088FDFD-1EBD-4947-B248-D1D4B15328F6}.Debug|Any CPU.Build.0 = Debug|Any CPU
		{C088FDFD-1EBD-4947-B248-D1D4B15328F6}.Release|Any CPU.ActiveCfg = Release|Any CPU
		{C088FDFD-1EBD-4947-B248-D1D4B15328F6}.Release|Any CPU.Build.0 = Release|Any CPU
		{48601826-CE55-489A-B863-111B9661E122}.Debug|Any CPU.ActiveCfg = Debug|Any CPU
		{48601826-CE55-489A-B863-111B9661E122}.Debug|Any CPU.Build.0 = Debug|Any CPU
		{48601826-CE55-489A-B863-111B9661E122}.Release|Any CPU.ActiveCfg = Release|Any CPU
		{48601826-CE55-489A-B863-111B9661E122}.Release|Any CPU.Build.0 = Release|Any CPU
		{8753F89E-2E54-4863-AB76-24A60E59B42B}.Debug|Any CPU.ActiveCfg = Debug|Any CPU
		{8753F89E-2E54-4863-AB76-24A60E59B42B}.Debug|Any CPU.Build.0 = Debug|Any CPU
		{8753F89E-2E54-4863-AB76-24A60E59B42B}.Release|Any CPU.ActiveCfg = Release|Any CPU
		{8753F89E-2E54-4863-AB76-24A60E59B42B}.Release|Any CPU.Build.0 = Release|Any CPU
		{D951F1D0-7418-4B27-8DCC-5E5E69DE885F}.Debug|Any CPU.ActiveCfg = Debug|Any CPU
		{D951F1D0-7418-4B27-8DCC-5E5E69DE885F}.Debug|Any CPU.Build.0 = Debug|Any CPU
		{D951F1D0-7418-4B27-8DCC-5E5E69DE885F}.Release|Any CPU.ActiveCfg = Release|Any CPU
		{D951F1D0-7418-4B27-8DCC-5E5E69DE885F}.Release|Any CPU.Build.0 = Release|Any CPU
		{7AC8CF4A-7797-4684-9490-2F0AE3B5AFC5}.Debug|Any CPU.ActiveCfg = Debug|Any CPU
		{7AC8CF4A-7797-4684-9490-2F0AE3B5AFC5}.Debug|Any CPU.Build.0 = Debug|Any CPU
		{7AC8CF4A-7797-4684-9490-2F0AE3B5AFC5}.Release|Any CPU.ActiveCfg = Release|Any CPU
		{7AC8CF4A-7797-4684-9490-2F0AE3B5AFC5}.Release|Any CPU.Build.0 = Release|Any CPU
		{CCF44193-C61A-4CF4-A4FE-27DAB8CFE42D}.Debug|Any CPU.ActiveCfg = Debug|Any CPU
		{CCF44193-C61A-4CF4-A4FE-27DAB8CFE42D}.Debug|Any CPU.Build.0 = Debug|Any CPU
		{CCF44193-C61A-4CF4-A4FE-27DAB8CFE42D}.Release|Any CPU.ActiveCfg = Release|Any CPU
		{CCF44193-C61A-4CF4-A4FE-27DAB8CFE42D}.Release|Any CPU.Build.0 = Release|Any CPU
	EndGlobalSection
	GlobalSection(SolutionProperties) = preSolution
		HideSolutionNode = FALSE
	EndGlobalSection
	GlobalSection(ExtensibilityGlobals) = postSolution
		SolutionGuid = {B4AB679F-18B0-4E4E-99FE-22383C452C33}
	EndGlobalSection
EndGlobal
